{
    "_meta": {
        "hash": {
            "sha256": "2e429f1e70d5e5996905070c6c9d02816d15f9a95dfe9ea413320d4a02bcc85b"
        },
        "pipfile-spec": 6,
        "requires": {
            "python_version": "3.11"
        },
        "sources": [
            {
                "name": "pypi",
                "url": "https://pypi.org/simple",
                "verify_ssl": true
            }
        ]
    },
    "default": {
        "amitools": {
            "hashes": [
                "sha256:f622c0725c15737e7d4820ed147f930f4cfb7b80b04c786c2bc3943b799faf7e"
            ],
            "index": "pypi",
            "markers": "python_version >= '3.8'",
            "version": "==0.8.1"
        },
        "lhafile": {
            "hashes": [
                "sha256:06111b684ff4a980c689f97fe36fd839bbda0705a2460f7cfb3dde5d6d27fad4",
                "sha256:0702e7609a1806ab649cfe6f296b4280c3cd64754d09a16a2326315426fbcb28",
                "sha256:07374687c5f8d70a989f2aabe4bfbe727bc3a863932ce4e8742c4ab2e142e46f",
                "sha256:0bad5b6582550ba340b452f2e9ef9dcf95a9d6e7b0228182f806b33082466dbe",
                "sha256:0ca3bc909d335443af714bb35e76a69beab4039915692be0d1612da4768b4176",
                "sha256:0d2f1a45f7c039489bff98618b7f04fc8b34a626a119c05c9fa5c4a8c5dc3e1e",
                "sha256:0d61eb992d8f4dbcfc2345456e85fa0317c3def10b33966e1e64368fcf29dfeb",
                "sha256:0dda3ab6b5d2e6f60b3c43b7651caf62206b82c4018e901b9d7074ba8bd640a9",
                "sha256:0f4021adca069664f6206690be37f77a3acd18bc5f13a8c7c4155a9876dfd0d7",
                "sha256:13501e2c38b744dc1594c33f313d367f0f2f959871f94d668839fdf88c32f9d8",
                "sha256:183f55930772e3438e6b9060df57354e217aba79d8412ba4bcc103c90ee8e039",
                "sha256:1ed00af8aadaeba1e0f4d587ab931c03bb98db8bb8f97ed9f79407dd5dd2b1fd",
                "sha256:20462f85694086c6c5ab3a1aad96d11ac72e7ba7504db3e9ac676fb7cf174f81",
                "sha256:21f584cd602e3ef39e04e74b294d26f1e2e4b97a6c249349735c9f8e2ab1072c",
                "sha256:25409fa176fef67e28c0d224d0438adfaaab8e1241b7abae181071bc7a465044",
                "sha256:2b88996f1ebe0d7f1db90657bfb428d46d49ecc32b9518f7108bf4bce3f4c6c8",
                "sha256:2cd208fac1b6e8cf71293cf4fe1f14d2da950c424d0a2ea1c2630b7fb8ed1a51",
                "sha256:2e6c51bf34362371da68c079e9b95a0e04a0aea02b411b87f812b06f1eb1a56b",
                "sha256:30b2a581447fe03b4c4b9befb4ce26cc5861c0fcbca6f356a2615cf257d50ca8",
                "sha256:33418b3927bc10ebfb63436663429abac014e9c26c841a8d3b353192f6f5b91d",
                "sha256:36a1a515b2bac98c18879acc60d8835dcc0fbdc85c76c8b459a6aa94c725d309",
                "sha256:396c7a4bff965b882d77d6187ef76ce8bfbc39bb33c26c7e191f7d41bc0ba6fc",
                "sha256:39add07a1d167baef63474a53d3fb34fc6867f7e51fc6a53b40c4189177668be",
                "sha256:39fd17ca14118e6f1dc903e209db5cb7c3c8d0f88e040cdf900c1abf0a7d965c",
                "sha256:3b6be4a540ecbf8c39a9f5ca7b3252f32b3a67f9fae18b368ad2e9fe45c25997",
                "sha256:3f005921079a799ca941e1fa67f4cb18607cb9a55f594ffc4f78a503ce5c288d",
                "sha256:46dfd35f23ab42ae6a16f8deac46f9f3a9fbe79b4cf945d6f451a643500c0fff",
                "sha256:4a8a3523a3812ae7b9beaead19c4c936d0ba22381290546d327ad53dcc6647df",
                "sha256:4b05ae2ae02c2a07d0597a6d1b0b0aa27e87c00f4f6372d05834360e5cb17bc9",
                "sha256:564192fd05ae146ad8e0a3784e2da90095d791cb4d03c130f03f3eb5a44b88de",
                "sha256:5783a46f14963c7097ce5e957998ae98569020cbc2a2a0a2b31b16fd617eca07",
                "sha256:5a668bc6e5020564b056183d01ca85c7dee3356aacb93868a29ea32eaab103d4",
                "sha256:5a9977ab5dff20a1aab04aa16db7b14c4300e609d4d7568ecfd1aee80d60810b",
                "sha256:5fab4068c847e474df5cdd2250beae1d03c905c9ac7e99fa5e7f30c725de1570",
                "sha256:61306c9916b869610e7e8c5c874e7544930d5dba0fc13feb261195e504aa732f",
                "sha256:6503af00ecd15636f1b5b6bab96544df7e68c32c98b1d0ac961502a8221b2b2f",
                "sha256:6fe52dc103e947baa65a0fe5236c89b0f954b2e6571b33e772de0912655a4769",
                "sha256:76a66cb7df0d88143ae8b7d1c2367c7bdd77026dda6a94419e6e90eadfcc490a",
                "sha256:76a916fe63819c08ffcc2dc3e843ea4ef33b4a90b579041248755c4df1e08f0f",
                "sha256:7b9549261d75656dfa6305e3c9dc0888babc02dcb35578cb3f1ccaf8b1e5c768",
                "sha256:7eca3052489eae5a5d65714e1321fd4e979c46d765a1614a717eed8d042b9106",
                "sha256:7f92d9893afd2d23815acf442382b159d08153dd5a5650b8836bd845175f5e60",
                "sha256:80ffe970f03852f5c41c63ed3f7f41c0ea58e1b16eea0954b00ca16399efb448",
                "sha256:86352e5654cc364397f30096d4a6aa8ebed3ff9ccc4964acdee768e0cbd95287",
                "sha256:89d21f08fcf78cf932a9fb7fe8fb1a002aa7462b07368c0b4e5f99779d76afa8",
                "sha256:8e8966bccb6e4d41efa59b83b74a9dc7a0b428c94ff36225d64b03f0e6808ea4",
                "sha256:8eb23f81841cef17abcf8f507ef6969f43023c4f6d4bf763a4daa4ca29c829b1",
                "sha256:92e5e31de714e509f1241ad8609521908d1965b3fb0f7f5756ace0cc28bde46e",
                "sha256:952a5d74367a4542a0013420c7338219bcfef4bad55fdc26244365ffe3beb169",
                "sha256:9e4bb75ed299d95b0a8ef03ca096fad8a48693caced67e4e7b6bd03ac3e51a04",
                "sha256:a3dd20d988b13dc0395b83637ffc5e3b5797e1f075a98db670f425363bfc68bc",
                "sha256:a4572500ee7f5c589eb07c59aada2aaa0bedf4215797121244b12c5175b386a2",
                "sha256:a66a091e61af569384844ed74bf76179c575e5d28bc88bf9bf5476a3397d077d",
                "sha256:ab03a91cdad7b075df54700d5f8d26e34740fc43aaa3dc3854aebdb887b16015",
                "sha256:b302463530a8d477a1339b4cee3fb27568593676a058067c0d0f3fb80366f977",
                "sha256:b5836a9be08b03df0520c521721c43fc173d81a3b0d142d7c5b0ecb8558a5d10",
                "sha256:b6424fbe13c48fdd95b85c654b5bb8cc7fe606a0137d8e8cfac656acb4197031",
                "sha256:bbe0ba5240e96c60a76ee618c302b17a44d94ef9d869ff86a9c174e72674bbd1",
                "sha256:bf60b84e0f682e59943df7a95d83c9064823888d4f4f4cd37cc06fbf64ff6a48",
                "sha256:c575563e9168e57b997f10e7e66b59a129bd6c2613e5868aabcd4093020856f4",
                "sha256:c617510384d9bf024a9da7ec87c93dec36212a0fa4e340e4249667ab0c6a7f69",
                "sha256:ca4f5ccf3153d613daf684d32d611744b2a59db4208dc19ed1eb4cdd0172afba",
                "sha256:cd41fa6d92ae86ed58fda5012b57643ccac56914312b72b3b01fc0e4d85514f1",
                "sha256:cd45799aacff4d04c886b59327fbffd4ace75d19bcf640669474577228760def",
                "sha256:d0bad1bd7f394f6799833fcb557d88f2b5ee364704a05ab47d5ded489fe99eb1",
                "sha256:d2b14b98fdabeed504f388b7e767c92e84ffb2bf03992e2ffd6b840c86592209",
                "sha256:d6272961f341e6abcb6a20806110e0ac4be58c17f77a4184bce5fd8d857d357c",
                "sha256:da48dc6c302f23dd5aad0ca391a6b8c167321e14b4cdba8bd0ec40be0a6744a3",
                "sha256:ddd9e63d7ed5d901169a37e945cf2647b9ecc3f613c5dd58af30e1d7943a4c58",
                "sha256:dfb5134351007d786e81b96f0f133a5e74022218d828e864a2f3e553be5c56e5",
                "sha256:e2ace5202372eec75fc97751c87f7c7e8129aba585d6085f026d5be29e9f09f8",
                "sha256:e2de020b1d1537d5f347dd29efa96fa78f4104b8a2a49bfc58e523788aef67e0",
                "sha256:e32ec071fa2aa580e4974437e74063cb672fc67315f920ccc50b4e17f53963c8",
                "sha256:ea590a7b46e071e49b264d7f72b5cf74244fdb6394d222ea93ba0c72da503f40",
                "sha256:edae56f53d2facc972ba77ac4fa5313af37ee443f9988f18997fbf7b4ebd98db",
                "sha256:ee9fe086c7b4bc231c09ca957050ab05dc94a991c4ee97238f3938c59e53f2f8",
                "sha256:ef2058eb89212e99b99527fd1637d4308ab4ec4b2dc14cef7194905aa4c45722",
                "sha256:f3987642c507aba61d6265da4bb18a5202b3e69245f3f4fd1b9590e1260c39c5",
                "sha256:f431db43117ec7e0627878a3672d10e3df268329b1ea818d6a599713bb056c85",
                "sha256:f50c0e5c0674e169c6089c02f2df5e4670c57d8956817e9c3f6a5b237a70d0aa",
                "sha256:fbb68da556f8c2a32a1e770b4811f5a9e0ff60247ff67f64103c874d6be3fc7c",
                "sha256:ff7d973f10c5f457d8a4bcd6dc316486edea572182ba31fe4ad025d460b783b0"
            ],
            "index": "pypi",
            "version": "==0.3.1"
        },
        "pillow": {
            "hashes": [
                "sha256:048ad577748b9fa4a99a0548c64f2cb8d672d5bf2e643a739ac8faff1164238c",
                "sha256:048eeade4c33fdf7e08da40ef402e748df113fd0b4584e32c4af74fe78baaeb2",
                "sha256:0ba26351b137ca4e0db0342d5d00d2e355eb29372c05afd544ebf47c0956ffeb",
                "sha256:0ea2a783a2bdf2a561808fe4a7a12e9aa3799b701ba305de596bc48b8bdfce9d",
                "sha256:1530e8f3a4b965eb6a7785cf17a426c779333eb62c9a7d1bbcf3ffd5bf77a4aa",
                "sha256:16563993329b79513f59142a6b02055e10514c1a8e86dca8b48a893e33cf91e3",
                "sha256:19aeb96d43902f0a783946a0a87dbdad5c84c936025b8419da0a0cd7724356b1",
                "sha256:1a1d1915db1a4fdb2754b9de292642a39a7fb28f1736699527bb649484fb966a",
                "sha256:1b87bd9d81d179bd8ab871603bd80d8645729939f90b71e62914e816a76fc6bd",
                "sha256:1dfc94946bc60ea375cc39cff0b8da6c7e5f8fcdc1d946beb8da5c216156ddd8",
                "sha256:2034f6759a722da3a3dbd91a81148cf884e91d1b747992ca288ab88c1de15999",
                "sha256:261ddb7ca91fcf71757979534fb4c128448b5b4c55cb6152d280312062f69599",
                "sha256:2ed854e716a89b1afcedea551cd85f2eb2a807613752ab997b9974aaa0d56936",
                "sha256:3102045a10945173d38336f6e71a8dc71bcaeed55c3123ad4af82c52807b9375",
                "sha256:339894035d0ede518b16073bdc2feef4c991ee991a29774b33e515f1d308e08d",
                "sha256:412444afb8c4c7a6cc11a47dade32982439925537e483be7c0ae0cf96c4f6a0b",
                "sha256:4203efca580f0dd6f882ca211f923168548f7ba334c189e9eab1178ab840bf60",
                "sha256:45ebc7b45406febf07fef35d856f0293a92e7417ae7933207e90bf9090b70572",
                "sha256:4b5ec25d8b17217d635f8935dbc1b9aa5907962fae29dff220f2659487891cd3",
                "sha256:4c8e73e99da7db1b4cad7f8d682cf6abad7844da39834c288fbfa394a47bbced",
                "sha256:4e6f7d1c414191c1199f8996d3f2282b9ebea0945693fb67392c75a3a320941f",
                "sha256:4eaa22f0d22b1a7e93ff0a596d57fdede2e550aecffb5a1ef1106aaece48e96b",
                "sha256:50b8eae8f7334ec826d6eeffaeeb00e36b5e24aa0b9df322c247539714c6df19",
                "sha256:50fd3f6b26e3441ae07b7c979309638b72abc1a25da31a81a7fbd9495713ef4f",
                "sha256:51243f1ed5161b9945011a7360e997729776f6e5d7005ba0c6879267d4c5139d",
                "sha256:5d512aafa1d32efa014fa041d38868fda85028e3f930a96f85d49c7d8ddc0383",
                "sha256:5f77cf66e96ae734717d341c145c5949c63180842a545c47a0ce7ae52ca83795",
                "sha256:6b02471b72526ab8a18c39cb7967b72d194ec53c1fd0a70b050565a0f366d355",
                "sha256:6fb1b30043271ec92dc65f6d9f0b7a830c210b8a96423074b15c7bc999975f57",
                "sha256:7161ec49ef0800947dc5570f86568a7bb36fa97dd09e9827dc02b718c5643f09",
                "sha256:72d622d262e463dfb7595202d229f5f3ab4b852289a1cd09650362db23b9eb0b",
                "sha256:74d28c17412d9caa1066f7a31df8403ec23d5268ba46cd0ad2c50fb82ae40462",
                "sha256:78618cdbccaa74d3f88d0ad6cb8ac3007f1a6fa5c6f19af64b55ca170bfa1edf",
                "sha256:793b4e24db2e8742ca6423d3fde8396db336698c55cd34b660663ee9e45ed37f",
                "sha256:798232c92e7665fe82ac085f9d8e8ca98826f8e27859d9a96b41d519ecd2e49a",
                "sha256:81d09caa7b27ef4e61cb7d8fbf1714f5aec1c6b6c5270ee53504981e6e9121ad",
                "sha256:8ab74c06ffdab957d7670c2a5a6e1a70181cd10b727cd788c4dd9005b6a8acd9",
                "sha256:8eb0908e954d093b02a543dc963984d6e99ad2b5e36503d8a0aaf040505f747d",
                "sha256:90b9e29824800e90c84e4022dd5cc16eb2d9605ee13f05d47641eb183cd73d45",
                "sha256:9797a6c8fe16f25749b371c02e2ade0efb51155e767a971c61734b1bf6293994",
                "sha256:9d2455fbf44c914840c793e89aa82d0e1763a14253a000743719ae5946814b2d",
                "sha256:9d3bea1c75f8c53ee4d505c3e67d8c158ad4df0d83170605b50b64025917f338",
                "sha256:9e2ec1e921fd07c7cda7962bad283acc2f2a9ccc1b971ee4b216b75fad6f0463",
                "sha256:9e91179a242bbc99be65e139e30690e081fe6cb91a8e77faf4c409653de39451",
                "sha256:a0eaa93d054751ee9964afa21c06247779b90440ca41d184aeb5d410f20ff591",
                "sha256:a2c405445c79c3f5a124573a051062300936b0281fee57637e706453e452746c",
                "sha256:aa7e402ce11f0885305bfb6afb3434b3cd8f53b563ac065452d9d5654c7b86fd",
                "sha256:aff76a55a8aa8364d25400a210a65ff59d0168e0b4285ba6bf2bd83cf675ba32",
                "sha256:b09b86b27a064c9624d0a6c54da01c1beaf5b6cadfa609cf63789b1d08a797b9",
                "sha256:b14f16f94cbc61215115b9b1236f9c18403c15dd3c52cf629072afa9d54c1cbf",
                "sha256:b50811d664d392f02f7761621303eba9d1b056fb1868c8cdf4231279645c25f5",
                "sha256:b7bc2176354defba3edc2b9a777744462da2f8e921fbaf61e52acb95bafa9828",
                "sha256:c78e1b00a87ce43bb37642c0812315b411e856a905d58d597750eb79802aaaa3",
                "sha256:c83341b89884e2b2e55886e8fbbf37c3fa5efd6c8907124aeb72f285ae5696e5",
                "sha256:ca2870d5d10d8726a27396d3ca4cf7976cec0f3cb706debe88e3a5bd4610f7d2",
                "sha256:ccce24b7ad89adb5a1e34a6ba96ac2530046763912806ad4c247356a8f33a67b",
                "sha256:cd5e14fbf22a87321b24c88669aad3a51ec052eb145315b3da3b7e3cc105b9a2",
                "sha256:ce49c67f4ea0609933d01c0731b34b8695a7a748d6c8d186f95e7d085d2fe475",
                "sha256:d33891be6df59d93df4d846640f0e46f1a807339f09e79a8040bc887bdcd7ed3",
                "sha256:d3b2348a78bc939b4fed6552abfd2e7988e0f81443ef3911a4b8498ca084f6eb",
                "sha256:d886f5d353333b4771d21267c7ecc75b710f1a73d72d03ca06df49b09015a9ef",
                "sha256:d93480005693d247f8346bc8ee28c72a2191bdf1f6b5db469c096c0c867ac015",
                "sha256:dc1a390a82755a8c26c9964d457d4c9cbec5405896cba94cf51f36ea0d855002",
                "sha256:dd78700f5788ae180b5ee8902c6aea5a5726bac7c364b202b4b3e3ba2d293170",
                "sha256:e46f38133e5a060d46bd630faa4d9fa0202377495df1f068a8299fd78c84de84",
                "sha256:e4b878386c4bf293578b48fc570b84ecfe477d3b77ba39a6e87150af77f40c57",
                "sha256:f0d0591a0aeaefdaf9a5e545e7485f89910c977087e7de2b6c388aec32011e9f",
                "sha256:fdcbb4068117dfd9ce0138d068ac512843c52295ed996ae6dd1faf537b6dbc27",
                "sha256:ff61bfd9253c3915e6d41c651d5f962da23eda633cf02262990094a18a55371a"
            ],
            "index": "pypi",
            "markers": "python_version >= '3.8'",
            "version": "==10.3.0"
        },
        "ruamel-yaml": {
            "hashes": [
                "sha256:6024b986f06765d482b5b07e086cc4b4cd05dd22ddcbc758fa23d54873cf313d",
                "sha256:b16b6c3816dff0a93dca12acf5e70afd089fa5acb80604afd1ffa8b465b7722c"
            ],
            "index": "pypi",
            "markers": "python_version >= '3'",
            "version": "==0.17.40"
        },
        "ruamel.yaml.clib": {
            "hashes": [
                "sha256:014181cdec565c8745b7cbc4de3bf2cc8ced05183d986e6d1200168e5bb59490",
                "sha256:04d21dc9c57d9608225da28285900762befbb0165ae48482c15d8d4989d4af14",
                "sha256:05c70f7f86be6f7bee53794d80050a28ae7e13e4a0087c1839dcdefd68eb36b6",
                "sha256:0ba6604bbc3dfcef844631932d06a1a4dcac3fee904efccf582261948431628a",
                "sha256:11e5499db1ccbc7f4b41f0565e4f799d863ea720e01d3e99fa0b7b5fcd7802c9",
                "sha256:1b45498cc81a4724a2d42273d6cfc243c0547ad7c6b87b4f774cb7bcc131c98d",
                "sha256:1bb7b728fd9f405aa00b4a0b17ba3f3b810d0ccc5f77f7373162e9b5f0ff75d5",
                "sha256:1f66f600833af58bea694d5892453f2270695b92200280ee8c625ec5a477eed3",
                "sha256:27dc656e84396e6d687f97c6e65fb284d100483628f02d95464fd731743a4afe",
                "sha256:2812ff359ec1f30129b62372e5f22a52936fac13d5d21e70373dbca5d64bb97c",
                "sha256:2b216904750889133d9222b7b873c199d48ecbb12912aca78970f84a5aa1a4bc",
                "sha256:331fb180858dd8534f0e61aa243b944f25e73a4dae9962bd44c46d1761126bbf",
                "sha256:3cb75a3c14f1d6c3c2a94631e362802f70e83e20d1f2b2ef3026c05b415c4900",
                "sha256:3eb199178b08956e5be6288ee0b05b2fb0b5c1f309725ad25d9c6ea7e27f962a",
                "sha256:424ead8cef3939d690c4b5c85ef5b52155a231ff8b252961b6516ed7cf05f6aa",
                "sha256:45702dfbea1420ba3450bb3dd9a80b33f0badd57539c6aac09f42584303e0db6",
                "sha256:468858e5cbde0198337e6a2a78eda8c3fb148bdf4c6498eaf4bc9ba3f8e780bd",
                "sha256:46895c17ead5e22bea5e576f1db7e41cb273e8d062c04a6a49013d9f60996c25",
                "sha256:46e4cc8c43ef6a94885f72512094e482114a8a706d3c555a34ed4b0d20200600",
                "sha256:480894aee0b29752560a9de46c0e5f84a82602f2bc5c6cde8db9a345319acfdf",
                "sha256:4b293a37dc97e2b1e8a1aec62792d1e52027087c8eea4fc7b5abd2bdafdd6642",
                "sha256:4be366220090d7c3424ac2b71c90d1044ea34fca8c0b88f250064fd06087e614",
                "sha256:4d1032919280ebc04a80e4fb1e93f7a738129857eaec9448310e638c8bccefcf",
                "sha256:4d3b58ab2454b4747442ac76fab66739c72b1e2bb9bd173d7694b9f9dbc9c000",
                "sha256:4dcec721fddbb62e60c2801ba08c87010bd6b700054a09998c4d09c08147b8fb",
                "sha256:512571ad41bba04eac7268fe33f7f4742210ca26a81fe0c75357fa682636c690",
                "sha256:542d77b72786a35563f97069b9379ce762944e67055bea293480f7734b2c7e5e",
                "sha256:56ea19c157ed8c74b6be51b5fa1c3aff6e289a041575f0556f66e5fb848bb137",
                "sha256:5d3c9210219cbc0f22706f19b154c9a798ff65a6beeafbf77fc9c057ec806f7d",
                "sha256:5fea0932358e18293407feb921d4f4457db837b67ec1837f87074667449f9401",
                "sha256:617d35dc765715fa86f8c3ccdae1e4229055832c452d4ec20856136acc75053f",
                "sha256:64da03cbe93c1e91af133f5bec37fd24d0d4ba2418eaf970d7166b0a26a148a2",
                "sha256:65f48245279f9bb301d1276f9679b82e4c080a1ae25e679f682ac62446fac471",
                "sha256:6f1d38cbe622039d111b69e9ca945e7e3efebb30ba998867908773183357f3ed",
                "sha256:713cd68af9dfbe0bb588e144a61aad8dcc00ef92a82d2e87183ca662d242f524",
                "sha256:71845d377c7a47afc6592aacfea738cc8a7e876d586dfba814501d8c53c1ba60",
                "sha256:753faf20b3a5906faf1fc50e4ddb8c074cb9b251e00b14c18b28492f933ac8ef",
                "sha256:7e74ea87307303ba91073b63e67f2c667e93f05a8c63079ee5b7a5c8d0d7b043",
                "sha256:88eea8baf72f0ccf232c22124d122a7f26e8a24110a0273d9bcddcb0f7e1fa03",
                "sha256:923816815974425fbb1f1bf57e85eca6e14d8adc313c66db21c094927ad01815",
                "sha256:9b6f7d74d094d1f3a4e157278da97752f16ee230080ae331fcc219056ca54f77",
                "sha256:a8220fd4c6f98485e97aea65e1df76d4fed1678ede1fe1d0eed2957230d287c4",
                "sha256:ab0df0648d86a7ecbd9c632e8f8d6b21bb21b5fc9d9e095c796cacf32a728d2d",
                "sha256:ac9b8d5fa4bb7fd2917ab5027f60d4234345fd366fe39aa711d5dca090aa1467",
                "sha256:badd1d7283f3e5894779a6ea8944cc765138b96804496c91812b2829f70e18a7",
                "sha256:bdc06ad71173b915167702f55d0f3f027fc61abd975bd308a0968c02db4a4c3e",
                "sha256:bf0846d629e160223805db9fe8cc7aec16aaa11a07310c50c8c7164efa440aec",
                "sha256:bfd309b316228acecfa30670c3887dcedf9b7a44ea39e2101e75d2654522acd4",
                "sha256:c583229f336682b7212a43d2fa32c30e643d3076178fb9f7a6a14dde85a2d8bd",
                "sha256:cb15a2e2a90c8475df45c0949793af1ff413acfb0a716b8b94e488ea95ce7cff",
                "sha256:d290eda8f6ada19e1771b54e5706b8f9807e6bb08e873900d5ba114ced13e02c",
                "sha256:da3d6adadcf55a93c214d23941aef4abfd45652110aed6580e814152f385b862",
                "sha256:dcc7f3162d3711fd5d52e2267e44636e3e566d1e5675a5f0b30e98f2c4af7974",
                "sha256:def5663361f6771b18646620fca12968aae730132e104688766cf8a3b1d65922",
                "sha256:e5e9f630c73a490b758bf14d859a39f375e6999aea5ddd2e2e9da89b9953486a",
                "sha256:e9fde97ecb7bb9c41261c2ce0da10323e9227555c674989f8d9eb7572fc2098d",
                "sha256:ef71831bd61fbdb7aa0399d5c4da06bea37107ab5c79ff884cc07f2450910262",
                "sha256:f4421ab780c37210a07d138e56dd4b51f8642187cdfb433eb687fe8c11de0144",
                "sha256:f6d3655e95a80325b84c4e14c080b2470fe4f33b6846f288379ce36154993fb1",
                "sha256:fd4c928ddf6bce586285daa6d90680b9c291cfd045fc40aad34e445d57b1bf51",
                "sha256:fe239bdfdae2302e93bd6e8264bd9b71290218fff7084a9db250b55caaccf43f"
            ],
            "markers": "python_version >= '3.9'",
            "version": "==0.2.15"
        },
        "wand": {
            "hashes": [
                "sha256:e5dda0ac2204a40c29ef5c4cb310770c95d3d05c37b1379e69c94ea79d7d19c0",
                "sha256:f5013484eaf7a20eb22d1821aaefe60b50cc329722372b5f8565d46d4aaafcca"
            ],
            "index": "pypi",
            "version": "==0.6.13"
        }
    },
    "develop": {
        "astroid": {
            "hashes": [
                "sha256:52f39653876c7dec3e3afd4c2696920e05c83832b9737afc21928f2d2eb7a753",
                "sha256:986fed8bcf79fb82c78b18a53352a0b287a73817d6dbcfba3162da36667c49a0"
            ],
            "markers": "python_full_version >= '3.10.0'",
            "version": "==4.0.4"
        },
        "autopep8": {
            "hashes": [
                "sha256:89440a4f969197b69a995e4ce0661b031f455a9f776d2c5ba3dbd83466931758",
                "sha256:ce8ad498672c845a0c3de2629c15b635ec2b05ef8177a6e7c91c74f3e9b51128"
            ],
            "index": "pypi",
            "markers": "python_version >= '3.9'",
            "version": "==2.3.2"
        },
        "dill": {
            "hashes": [
                "sha256:1e1ce33e978ae97fcfcff5638477032b801c46c7c65cf717f95fbc2248f79a9d",
                "sha256:423092df4182177d4d8ba8290c8a5b640c66ab35ec7da59ccfa00f6fa3eea5fa"
            ],
            "markers": "python_version >= '3.9'",
            "version": "==0.4.1"
        },
        "isort": {
            "hashes": [
                "sha256:171ac4ff559cdc060bcfff550bc8404a486fee0caab245679c2abe7cb253c78d",
                "sha256:28b89bc70f751b559aeca209e6120393d43fbe2490de0559662be7a9787e3d75"
            ],
            "markers": "python_full_version >= '3.10.0'",
            "version": "==8.0.1"
        },
        "mccabe": {
            "hashes": [
                "sha256:348e0240c33b60bbdf4e523192ef919f28cb2c3d7d5c7794f74009290f236325",
                "sha256:6c2d30ab6be0e4a46919781807b4f0d834ebdd6c6e3dca0bda5a15f863427b6e"
            ],
            "markers": "python_version >= '3.6'",
            "version": "==0.7.0"
        },
        "platformdirs": {
            "hashes": [
                "sha256:1ec356301b7dc906d83f371c8f487070e99d3ccf9e501686456394622a01a934",
                "sha256:68a9a4619a666ea6439f2ff250c12a853cd1cbd5158d258bd824a7df6be2f868"
            ],
            "markers": "python_version >= '3.10'",
            "version": "==4.9.4"
        },
        "pycodestyle": {
            "hashes": [
                "sha256:c4b5b517d278089ff9d0abdec919cd97262a3367449ea1c8b49b91529167b783",
                "sha256:dd6bf7cb4ee77f8e016f9c8e74a35ddd9f67e1d5fd4184d86c3b98e07099f42d"
            ],
            "markers": "python_version >= '3.9'",
            "version": "==2.14.0"
        },
        "pylint": {
            "hashes": [
                "sha256:00f51c9b14a3b3ae08cff6b2cdd43f28165c78b165b628692e428fb1f8dc2cf2",
                "sha256:8cd6a618df75deb013bd7eb98327a95f02a6fb839205a6bbf5456ef96afb317c"
            ],
            "index": "pypi",
            "markers": "python_full_version >= '3.10.0'",
            "version": "==4.0.5"
        },
        "tomlkit": {
            "hashes": [
                "sha256:592064ed85b40fa213469f81ac584f67a4f2992509a7c3ea2d632208623a3680",
                "sha256:cf00efca415dbd57575befb1f6634c4f42d2d87dbba376128adb42c121b87064"
            ],
            "markers": "python_version >= '3.9'",
            "version": "==0.14.0"
        }
    }
}
