{
    "_meta": {
        "hash": {
            "sha256": "c048826065fcbafca860956c15bb0684629fec817cfbc48889e99fd61d5f738b"
        },
        "pipfile-spec": 6,
        "requires": {
            "python_version": "3.9"
        },
        "sources": [
            {
                "name": "pypi",
                "url": "https://pypi.org/simple",
                "verify_ssl": true
            }
        ]
    },
    "default": {
        "amitools": {
            "hashes": [
                "sha256:142feaad335de6ee9ab485698efb0bf4b8a3f7cb71726ea9973bb72721f04695"
            ],
            "index": "pypi",
            "version": "==0.6.0"
        },
        "lhafile": {
            "hashes": [
                "sha256:035f71ae6957400a263ed8516b2eaf4c457c31997bf92a72954ec2e98c49edeb",
                "sha256:04841f33a48eb10faf7ec71c8efb7ccab40c3e5e4e1d64d868169a583051c66c",
                "sha256:095b256afe740b35ed6072fef7d1ed02c7eae3dbe7cd91dec6f464ae90c634db",
                "sha256:0b41ad781791ba648d97305f1209201dc2f26dc500c872d3d4f1770a238cbe66",
                "sha256:0e4c09a767b3278791f908533952aa89b780240d2a44261d05e9df104870e459",
                "sha256:13c10be9ce311784a5e9a379242dfacc28ab29fcbf16f55709b3fe675e2ba61e",
                "sha256:16bfe09e8e208864712f28661e8874089c34096f6f3440de975456a7c0dc2ba8",
                "sha256:179733e333c1a657b36c8c5b718957a5f6dad169336eaf112c6b1e0895a55bc6",
                "sha256:192e299cc946eab9517a02891704afcf1144a774462fdf70dc01b58de3eef308",
                "sha256:1b51b8cdd9308e597b96869669858e319ae85a84f44970e5944bf1c54595b21a",
                "sha256:1e3fa7cd741545cea6c4041678d6ab969ab05b12afbdf312db007dd082af881e",
                "sha256:1fca93c1b59cfb2a6eed56cef4611cdd615b7e45d3ba31a4303054e27f62f3e0",
                "sha256:1ff869640e52d020203b272fb1131f70539a0fec6b50a596201259258ba62067",
                "sha256:2b0d080abcdd78926613e267283b19779b8520af62e3f70aaafd938c94e6b17d",
                "sha256:2bc39ab9371943d028f39c44718d701a75b453f13520028c8fa414e142a9e00c",
                "sha256:2c1ed2d537bf510243ffb1b559433e6dcfaf90e1cd7e045994d63bad7655decd",
                "sha256:3afc8c308e4cdaddc7c2c6160c9fbba6be565ca29c40f2e08e26c8f1171c621a",
                "sha256:4a4b2ecc75a656f29714978aea2c37345753fe6595043b4de4fb1ad6ed895ff5",
                "sha256:51c3fff9356b70b0ab3f978be31672862cdf7803a771a767002f48ac4e0d104e",
                "sha256:58bbccd8f267b5246062ff2fea2b15362f813c6d22693fa87da22bf0cecb8654",
                "sha256:601f2993a32015a8223d1708bffb561491242991a5afd3c03e663ce1f2d02e5e",
                "sha256:6e073bcb679cc1aefd57f9f8b1976e8150fe4fff508916129899f7b450ff1c6e",
                "sha256:76795a4a7cbc2adf0211f6445dc85dbeb9e476a1281cb356546c1ae56ad22698",
                "sha256:7769a5e83bb880b2b1db6e9cbe5aae0eb383e2b8024fc2dee029bdeb494b034f",
                "sha256:7c219faa143317fd7df270d90ae5c0da17fd1e97ad03f3e2f524ef5f78e08ae7",
                "sha256:7f10925cb6e586fbd1d5495d31145ad779f72a9358fd930e51a5536c461c7270",
                "sha256:9115f11e91565a628337b1ac2803e84c3033be5dc16aa9e72c8c178ad3c6aad9",
                "sha256:91e205bba11f55cf3d6a3eba548ca7122135e9811ad24cba55ee90bf5580ddc6",
                "sha256:940bf7dfc96d61cb398abf520834b064f265b96044e56d2cb1662344ca6f643b",
                "sha256:95461f695b0463234cfe8b3e43c262c02b372e41e6a651ddd8cec6e0b74c3598",
                "sha256:9f9a68719a755908ea90499d116d90cdcfb77361440e6e418fd53c3337afe633",
                "sha256:a06ee2542173c4f21aff807ba7ef1492f82c54a092f9100ffe492f196ed7aa10",
                "sha256:a3545cc18f1a6f400b5f108deee6ee8bd90ec426ffa22a599a41fe065cb7938b",
                "sha256:a39c7226c4a0cfa43ffb7986e1d1be11eec3c4f395d3df38ca3a1fd27ad85206",
                "sha256:a5299a65d2abc45592fdf49e65afcef19b71fe41526dcc6c9e5a3672a6327d29",
                "sha256:ab3a8244dc8a3dc788e80884a734681e56eaf1334d4557e1afac51a17dec5b7c",
                "sha256:adaccea79bd5397eb2f627d762aa49dc5039dcb306905b03f266d6ca05f604a5",
                "sha256:adcf8c8009ee30a211a2f305bbf2374069550c2d0087b1588d4a1fbb8df2629a",
                "sha256:aee6e3b12d83f340c9eaf982256d42ac4b6c353a4880c5d58a305a930efe0135",
                "sha256:b01d9e694e0043421757a65a195fa1bd89ef03bf45ab6476f64d7c7b9b79cf39",
                "sha256:b41110efd53da731a391c6c3a9c4d5d86019a473fd8c6d6f05e8bbc1feb95f98",
                "sha256:b558bfd9e18c06e15e45d476f2f188b2abdc3e4fff324334bc0ee69e88793ad1",
                "sha256:ba6865fc810c6517a584abcd11d29eceb1db4cfb43fe2d985634d04c3df53ee8",
                "sha256:c0864ae197684d5b5bbc5b363d4767405c766cea75e243bc139131587a43edae",
                "sha256:c2543709fd53dbb57b54ba7a5dde1f4d1f3030ce27e66f5564b823d2184b8325",
                "sha256:c85f9152197a81103a5e8b5948bca36156c166d3aea3a46ff43829be0b996eae",
                "sha256:c9a6c7acb3f88b29b4ec2543916076d792a81faf2b0f8d070e25d1f89dd163b6",
                "sha256:c9c1c7cdc06f50c10aabd9647e59e1459153e7d49163e8b55afdc510d531075a",
                "sha256:c9ded5b20a7746be74d14d4f9a4c259c07d8d967265aefff2ecb93faa15a198e",
                "sha256:c9e5186170f00a89c83cddad1f189bcd5e9a0b10efb787d818536dfaf653cd5d",
                "sha256:cf93c15f755693f7f6d2e05e966436a796cb55864ecd30521308a707427ffd2d",
                "sha256:cfc12672cb53403e2f887438959ab2ea4ff298d80203fb6109e6f30d6c7b19b6",
                "sha256:d41c6ce2c50a3efc83f6856947827460f31323f96108a84401601fb2e51b351e",
                "sha256:d52ae8adb4ae1cdedfa9d50a8f4875f33f26be8a8ed14e94ed0b0898d164b833",
                "sha256:e018194934ecb4839b4cc95f447eb7187e2aa605321963a3bfe65df1d85ac19f",
                "sha256:e302f76c5712df54d18351f8627f33b3958b14f11e4fc2a0b588851d0887a471",
                "sha256:e7a78e4d2856a288f9485815d486b69a46824e0119c85634a2e103be70bd7923",
                "sha256:f8eae527ef641b869ec66071f9600aaf7fa8715ae7dc39ec486a1dfedeeea698",
                "sha256:ff8998ea827263e478638149185bd3fe07a7dd2659d79b78b14596ff481d2a8a"
            ],
            "index": "pypi",
            "version": "==0.3.0"
        },
        "pillow": {
            "hashes": [
                "sha256:0412516dcc9de9b0a1e0ae25a280015809de8270f134cc2c1e32c4eeb397cf30",
                "sha256:04835e68ef12904bc3e1fd002b33eea0779320d4346082bd5b24bec12ad9c3e9",
                "sha256:06d1adaa284696785375fa80a6a8eb309be722cf4ef8949518beb34487a3df71",
                "sha256:085a90a99404b859a4b6c3daa42afde17cb3ad3115e44a75f0d7b4a32f06a6c9",
                "sha256:0b9911ec70731711c3b6ebcde26caea620cbdd9dcb73c67b0730c8817f24711b",
                "sha256:10e00f7336780ca7d3653cf3ac26f068fa11b5a96894ea29a64d3dc4b810d630",
                "sha256:11c27e74bab423eb3c9232d97553111cc0be81b74b47165f07ebfdd29d825875",
                "sha256:11eb7f98165d56042545c9e6db3ce394ed8b45089a67124298f0473b29cb60b2",
                "sha256:13654b521fb98abdecec105ea3fb5ba863d1548c9b58831dd5105bb3873569f1",
                "sha256:15ccb81a6ffc57ea0137f9f3ac2737ffa1d11f786244d719639df17476d399a7",
                "sha256:18a07a683805d32826c09acfce44a90bf474e6a66ce482b1c7fcd3757d588df3",
                "sha256:19ec4cfe4b961edc249b0e04b5618666c23a83bc35842dea2bfd5dfa0157f81b",
                "sha256:1c3ff00110835bdda2b1e2b07f4a2548a39744bb7de5946dc8e95517c4fb2ca6",
                "sha256:27a330bf7014ee034046db43ccbb05c766aa9e70b8d6c5260bfc38d73103b0ba",
                "sha256:2b11c9d310a3522b0fd3c35667914271f570576a0e387701f370eb39d45f08a4",
                "sha256:2c661542c6f71dfd9dc82d9d29a8386287e82813b0375b3a02983feac69ef864",
                "sha256:2cde7a4d3687f21cffdf5bb171172070bb95e02af448c4c8b2f223d783214056",
                "sha256:2d5e9dc0bf1b5d9048a94c48d0813b6c96fccfa4ccf276d9c36308840f40c228",
                "sha256:2f23b2d3079522fdf3c09de6517f625f7a964f916c956527bed805ac043799b8",
                "sha256:35d27687f027ad25a8d0ef45dd5208ef044c588003cdcedf05afb00dbc5c2deb",
                "sha256:35d409030bf3bd05fa66fb5fdedc39c521b397f61ad04309c90444e893d05f7d",
                "sha256:4326ea1e2722f3dc00ed77c36d3b5354b8fb7399fb59230249ea6d59cbed90da",
                "sha256:4abc247b31a98f29e5224f2d31ef15f86a71f79c7f4d2ac345a5d551d6393073",
                "sha256:4d89a2e9219a526401015153c0e9dd48319ea6ab9fe3b066a20aa9aee23d9fd3",
                "sha256:4e59e99fd680e2b8b11bbd463f3c9450ab799305d5f2bafb74fefba6ac058616",
                "sha256:548794f99ff52a73a156771a0402f5e1c35285bd981046a502d7e4793e8facaa",
                "sha256:56fd98c8294f57636084f4b076b75f86c57b2a63a8410c0cd172bc93695ee979",
                "sha256:59697568a0455764a094585b2551fd76bfd6b959c9f92d4bdec9d0e14616303a",
                "sha256:6bff50ba9891be0a004ef48828e012babaaf7da204d81ab9be37480b9020a82b",
                "sha256:6cb3dd7f23b044b0737317f892d399f9e2f0b3a02b22b2c692851fb8120d82c6",
                "sha256:7dbfbc0020aa1d9bc1b0b8bcf255a7d73f4ad0336f8fd2533fcc54a4ccfb9441",
                "sha256:838eb85de6d9307c19c655c726f8d13b8b646f144ca6b3771fa62b711ebf7624",
                "sha256:8b68f565a4175e12e68ca900af8910e8fe48aaa48fd3ca853494f384e11c8bcd",
                "sha256:8f284dc1695caf71a74f24993b7c7473d77bc760be45f776a2c2f4e04c170550",
                "sha256:963ebdc5365d748185fdb06daf2ac758116deecb2277ec5ae98139f93844bc09",
                "sha256:a048dad5ed6ad1fad338c02c609b862dfaa921fcd065d747194a6805f91f2196",
                "sha256:a1bd983c565f92779be456ece2479840ec39d386007cd4ae83382646293d681b",
                "sha256:a66566f8a22561fc1a88dc87606c69b84fa9ce724f99522cf922c801ec68f5c1",
                "sha256:bcb04ff12e79b28be6c9988f275e7ab69f01cc2ba319fb3114f87817bb7c74b6",
                "sha256:bd24054aaf21e70a51e2a2a5ed1183560d3a69e6f9594a4bfe360a46f94eba83",
                "sha256:be25cb93442c6d2f8702c599b51184bd3ccd83adebd08886b682173e09ef0c3f",
                "sha256:c691b26283c3a31594683217d746f1dad59a7ae1d4cfc24626d7a064a11197d4",
                "sha256:cc9d0dec711c914ed500f1d0d3822868760954dce98dfb0b7382a854aee55d19",
                "sha256:ce2e5e04bb86da6187f96d7bab3f93a7877830981b37f0287dd6479e27a10341",
                "sha256:ce651ca46d0202c302a535d3047c55a0131a720cf554a578fc1b8a2aff0e7d96",
                "sha256:d0c8ebbfd439c37624db98f3877d9ed12c137cadd99dde2d2eae0dab0bbfc355",
                "sha256:d675a876b295afa114ca8bf42d7f86b5fb1298e1b6bb9a24405a3f6c8338811c",
                "sha256:dde3f3ed8d00c72631bc19cbfff8ad3b6215062a5eed402381ad365f82f0c18c",
                "sha256:e5a31c07cea5edbaeb4bdba6f2b87db7d3dc0f446f379d907e51cc70ea375629",
                "sha256:f514c2717012859ccb349c97862568fdc0479aad85b0270d6b5a6509dbc142e2",
                "sha256:fc0db32f7223b094964e71729c0361f93db43664dd1ec86d3df217853cedda87",
                "sha256:fd4fd83aa912d7b89b4b4a1580d30e2a4242f3936882a3f433586e5ab97ed0d5",
                "sha256:feb5db446e96bfecfec078b943cc07744cc759893cef045aa8b8b6d6aaa8274e"
            ],
            "index": "pypi",
            "version": "==8.3.2"
        },
        "ruamel-yaml": {
            "hashes": [
                "sha256:106bc8d6dc6a0ff7c9196a47570432036f41d556b779c6b4e618085f57e39e67",
                "sha256:ffb9b703853e9e8b7861606dfdab1026cf02505bade0653d1880f4b2db47f815"
            ],
            "index": "pypi",
            "version": "==0.17.10"
        },
        "ruamel.yaml.clib": {
            "hashes": [
                "sha256:0847201b767447fc33b9c235780d3aa90357d20dd6108b92be544427bea197dd",
                "sha256:1866cf2c284a03b9524a5cc00daca56d80057c5ce3cdc86a52020f4c720856f0",
                "sha256:31ea73e564a7b5fbbe8188ab8b334393e06d997914a4e184975348f204790277",
                "sha256:3fb9575a5acd13031c57a62cc7823e5d2ff8bc3835ba4d94b921b4e6ee664104",
                "sha256:4ff604ce439abb20794f05613c374759ce10e3595d1867764dd1ae675b85acbd",
                "sha256:72a2b8b2ff0a627496aad76f37a652bcef400fd861721744201ef1b45199ab78",
                "sha256:78988ed190206672da0f5d50c61afef8f67daa718d614377dcd5e3ed85ab4a99",
                "sha256:7b2927e92feb51d830f531de4ccb11b320255ee95e791022555971c466af4527",
                "sha256:7f7ecb53ae6848f959db6ae93bdff1740e651809780822270eab111500842a84",
                "sha256:825d5fccef6da42f3c8eccd4281af399f21c02b32d98e113dbc631ea6a6ecbc7",
                "sha256:846fc8336443106fe23f9b6d6b8c14a53d38cef9a375149d61f99d78782ea468",
                "sha256:89221ec6d6026f8ae859c09b9718799fea22c0e8da8b766b0b2c9a9ba2db326b",
                "sha256:9efef4aab5353387b07f6b22ace0867032b900d8e91674b5d8ea9150db5cae94",
                "sha256:a32f8d81ea0c6173ab1b3da956869114cae53ba1e9f72374032e33ba3118c233",
                "sha256:a49e0161897901d1ac9c4a79984b8410f450565bbad64dbfcbf76152743a0cdb",
                "sha256:ada3f400d9923a190ea8b59c8f60680c4ef8a4b0dfae134d2f2ff68429adfab5",
                "sha256:bf75d28fa071645c529b5474a550a44686821decebdd00e21127ef1fd566eabe",
                "sha256:cfdb9389d888c5b74af297e51ce357b800dd844898af9d4a547ffc143fa56751",
                "sha256:d67f273097c368265a7b81e152e07fb90ed395df6e552b9fa858c6d2c9f42502",
                "sha256:dc6a613d6c74eef5a14a214d433d06291526145431c3b964f5e16529b1842bed",
                "sha256:de9c6b8a1ba52919ae919f3ae96abb72b994dd0350226e28f3686cb4f142165c"
            ],
            "markers": "python_version < '3.10' and platform_python_implementation == 'CPython'",
            "version": "==0.2.6"
        }
    },
    "develop": {
        "astroid": {
            "hashes": [
                "sha256:3975a0bd5373bdce166e60c851cfcbaf21ee96de80ec518c1f4cb3e94c3fb334",
                "sha256:ab7f36e8a78b8e54a62028ba6beef7561db4cdb6f2a5009ecc44a6f42b5697ef"
            ],
            "markers": "python_version ~= '3.6'",
            "version": "==2.6.6"
        },
        "autopep8": {
            "hashes": [
                "sha256:276ced7e9e3cb22e5d7c14748384a5cf5d9002257c0ed50c0e075b68011bb6d0",
                "sha256:aa213493c30dcdac99537249ee65b24af0b2c29f2e83cd8b3f68760441ed0db9"
            ],
            "index": "pypi",
            "version": "==1.5.7"
        },
        "isort": {
            "hashes": [
                "sha256:9c2ea1e62d871267b78307fe511c0838ba0da28698c5732d54e2790bf3ba9899",
                "sha256:e17d6e2b81095c9db0a03a8025a957f334d6ea30b26f9ec70805411e5c7c81f2"
            ],
            "markers": "python_version < '4.0' and python_full_version >= '3.6.1'",
            "version": "==5.9.3"
        },
        "lazy-object-proxy": {
            "hashes": [
                "sha256:17e0967ba374fc24141738c69736da90e94419338fd4c7c7bef01ee26b339653",
                "sha256:1fee665d2638491f4d6e55bd483e15ef21f6c8c2095f235fef72601021e64f61",
                "sha256:22ddd618cefe54305df49e4c069fa65715be4ad0e78e8d252a33debf00f6ede2",
                "sha256:24a5045889cc2729033b3e604d496c2b6f588c754f7a62027ad4437a7ecc4837",
                "sha256:410283732af311b51b837894fa2f24f2c0039aa7f220135192b38fcc42bd43d3",
                "sha256:4732c765372bd78a2d6b2150a6e99d00a78ec963375f236979c0626b97ed8e43",
                "sha256:489000d368377571c6f982fba6497f2aa13c6d1facc40660963da62f5c379726",
                "sha256:4f60460e9f1eb632584c9685bccea152f4ac2130e299784dbaf9fae9f49891b3",
                "sha256:5743a5ab42ae40caa8421b320ebf3a998f89c85cdc8376d6b2e00bd12bd1b587",
                "sha256:85fb7608121fd5621cc4377a8961d0b32ccf84a7285b4f1d21988b2eae2868e8",
                "sha256:9698110e36e2df951c7c36b6729e96429c9c32b3331989ef19976592c5f3c77a",
                "sha256:9d397bf41caad3f489e10774667310d73cb9c4258e9aed94b9ec734b34b495fd",
                "sha256:b579f8acbf2bdd9ea200b1d5dea36abd93cabf56cf626ab9c744a432e15c815f",
                "sha256:b865b01a2e7f96db0c5d12cfea590f98d8c5ba64ad222300d93ce6ff9138bcad",
                "sha256:bf34e368e8dd976423396555078def5cfc3039ebc6fc06d1ae2c5a65eebbcde4",
                "sha256:c6938967f8528b3668622a9ed3b31d145fab161a32f5891ea7b84f6b790be05b",
                "sha256:d1c2676e3d840852a2de7c7d5d76407c772927addff8d742b9808fe0afccebdf",
                "sha256:d7124f52f3bd259f510651450e18e0fd081ed82f3c08541dffc7b94b883aa981",
                "sha256:d900d949b707778696fdf01036f58c9876a0d8bfe116e8d220cfd4b15f14e741",
                "sha256:ebfd274dcd5133e0afae738e6d9da4323c3eb021b3e13052d8cbd0e457b1256e",
                "sha256:ed361bb83436f117f9917d282a456f9e5009ea12fd6de8742d1a4752c3017e93",
                "sha256:f5144c75445ae3ca2057faac03fda5a902eff196702b0a24daf1d6ce0650514b"
            ],
            "markers": "python_version >= '2.7' and python_version not in '3.0, 3.1, 3.2, 3.3, 3.4, 3.5'",
            "version": "==1.6.0"
        },
        "mccabe": {
            "hashes": [
                "sha256:ab8a6258860da4b6677da4bd2fe5dc2c659cff31b3ee4f7f5d64e79735b80d42",
                "sha256:dd8d182285a0fe56bace7f45b5e7d1a6ebcbf524e8f3bd87eb0f125271b8831f"
            ],
            "version": "==0.6.1"
        },
        "pycodestyle": {
            "hashes": [
                "sha256:514f76d918fcc0b55c6680472f0a37970994e07bbb80725808c17089be302068",
                "sha256:c389c1d06bf7904078ca03399a4816f974a1d590090fecea0c63ec26ebaf1cef"
            ],
            "markers": "python_version >= '2.7' and python_version not in '3.0, 3.1, 3.2, 3.3'",
            "version": "==2.7.0"
        },
        "pylint": {
            "hashes": [
                "sha256:23a1dc8b30459d78e9ff25942c61bb936108ccbe29dd9e71c01dc8274961709a",
                "sha256:5d46330e6b8886c31b5e3aba5ff48c10f4aa5e76cbf9002c6544306221e63fbc"
            ],
            "index": "pypi",
            "version": "==2.9.3"
        },
        "toml": {
            "hashes": [
                "sha256:806143ae5bfb6a3c6e736a764057db0e6a0e05e338b5630894a5f779cabb4f9b",
                "sha256:b3bda1d108d5dd99f4a20d24d9c348e91c4db7ab1b749200bded2f839ccbe68f"
            ],
            "markers": "python_version >= '2.6' and python_version not in '3.0, 3.1, 3.2, 3.3'",
            "version": "==0.10.2"
        },
        "wrapt": {
            "hashes": [
                "sha256:b62ffa81fb85f4332a4f609cab4ac40709470da05643a082ec1eb88e6d9b97d7"
            ],
            "version": "==1.12.1"
        }
    }
}
